
Microsoft Visual Studio Solution File, Format Version 12.00
# Visual Studio Version 17
VisualStudioVersion = 17.14.36414.22 d17.14
MinimumVisualStudioVersion = 10.0.40219.1
Project("{FAE04EC0-301F-11D3-BF4B-00C04F79EFBC}") = "5. Bank Account", "5. Bank Account\5. Bank Account.csproj", "{EC37E700-60CA-4CBA-AEC1-D210B70D2336}"
EndProject
Global
	GlobalSection(SolutionConfigurationPlatforms) = preSolution
		Debug|Any CPU = Debug|Any CPU
		Release|Any CPU = Release|Any CPU
	EndGlobalSection
	GlobalSection(ProjectConfigurationPlatforms) = postSolution
		{EC37E700-60CA-4CBA-AEC1-D210B70D2336}.Debug|Any CPU.ActiveCfg = Debug|Any CPU
		{EC37E700-60CA-4CBA-AEC1-D210B70D2336}.Debug|Any CPU.Build.0 = Debug|Any CPU
		{EC37E700-60CA-4CBA-AEC1-D210B70D2336}.Release|Any CPU.ActiveCfg = Release|Any CPU
		{EC37E700-60CA-4CBA-AEC1-D210B70D2336}.Release|Any CPU.Build.0 = Release|Any CPU
	EndGlobalSection
	GlobalSection(SolutionProperties) = preSolution
		HideSolutionNode = FALSE
	EndGlobalSection
	GlobalSection(ExtensibilityGlobals) = postSolution
		SolutionGuid = {5242489D-76AA-47DF-B9FA-D6769EBFE097}
	EndGlobalSection
EndGlobal
